
Microsoft Visual Studio Solution File, Format Version 12.00
# Visual Studio 15
VisualStudioVersion = 15.0.27428.2015
MinimumVisualStudioVersion = 10.0.40219.1
Project("{FAE04EC0-301F-11D3-BF4B-00C04F79EFBC}") = "addr-book-tests2", "addr-book-tests2\addr-book-tests2.csproj", "{5E6287E1-5000-498D-AAAB-A0B48A64C86A}"
EndProject
Global
	GlobalSection(SolutionConfigurationPlatforms) = preSolution
		Debug|Any CPU = Debug|Any CPU
		Release|Any CPU = Release|Any CPU
	EndGlobalSection
	GlobalSection(ProjectConfigurationPlatforms) = postSolution
		{5E6287E1-5000-498D-AAAB-A0B48A64C86A}.Debug|Any CPU.ActiveCfg = Debug|Any CPU
		{5E6287E1-5000-498D-AAAB-A0B48A64C86A}.Debug|Any CPU.Build.0 = Debug|Any CPU
		{5E6287E1-5000-498D-AAAB-A0B48A64C86A}.Release|Any CPU.ActiveCfg = Release|Any CPU
		{5E6287E1-5000-498D-AAAB-A0B48A64C86A}.Release|Any CPU.Build.0 = Release|Any CPU
	EndGlobalSection
	GlobalSection(SolutionProperties) = preSolution
		HideSolutionNode = FALSE
	EndGlobalSection
	GlobalSection(ExtensibilityGlobals) = postSolution
		SolutionGuid = {287C410B-1737-43D1-BCC4-6184B24311CC}
	EndGlobalSection
EndGlobal
